
Microsoft Visual Studio Solution File, Format Version 12.00
# Visual Studio 15
VisualStudioVersion = 15.0.28307.645
MinimumVisualStudioVersion = 10.0.40219.1
Project("{FAE04EC0-301F-11D3-BF4B-00C04F79EFBC}") = "GiveMeBooks", "GiveMeBooks\GiveMeBooks.csproj", "{8A0FE547-AFEF-48E3-85FA-2AB59E84D787}"
EndProject
Global
	GlobalSection(SolutionConfigurationPlatforms) = preSolution
		Debug|Any CPU = Debug|Any CPU
		Release|Any CPU = Release|Any CPU
	EndGlobalSection
	GlobalSection(ProjectConfigurationPlatforms) = postSolution
		{8A0FE547-AFEF-48E3-85FA-2AB59E84D787}.Debug|Any CPU.ActiveCfg = Debug|Any CPU
		{8A0FE547-AFEF-48E3-85FA-2AB59E84D787}.Debug|Any CPU.Build.0 = Debug|Any CPU
		{8A0FE547-AFEF-48E3-85FA-2AB59E84D787}.Release|Any CPU.ActiveCfg = Release|Any CPU
		{8A0FE547-AFEF-48E3-85FA-2AB59E84D787}.Release|Any CPU.Build.0 = Release|Any CPU
	EndGlobalSection
	GlobalSection(SolutionProperties) = preSolution
		HideSolutionNode = FALSE
	EndGlobalSection
	GlobalSection(ExtensibilityGlobals) = postSolution
		SolutionGuid = {1200BF60-E39B-4C55-994B-A020C8031F33}
	EndGlobalSection
EndGlobal
